// !$*UTF8*$!
{
	archiveVersion = 1;
	classes = {
	};
	objectVersion = 50;
	objects = {

/* Begin PBXBuildFile section */
		5208B5AC2293AA9F00281D11 /* AppDelegate.swift in Sources */ = {isa = PBXBuildFile; fileRef = 5208B5AB2293AA9F00281D11 /* AppDelegate.swift */; };
		5208B5AE2293AA9F00281D11 /* ViewController.swift in Sources */ = {isa = PBXBuildFile; fileRef = 5208B5AD2293AA9F00281D11 /* ViewController.swift */; };
		5208B5B12293AA9F00281D11 /* Main.storyboard in Resources */ = {isa = PBXBuildFile; fileRef = 5208B5AF2293AA9F00281D11 /* Main.storyboard */; };
		5208B5B32293AAA100281D11 /* Assets.xcassets in Resources */ = {isa = PBXBuildFile; fileRef = 5208B5B22293AAA100281D11 /* Assets.xcassets */; };
		5208B5B62293AAA100281D11 /* LaunchScreen.storyboard in Resources */ = {isa = PBXBuildFile; fileRef = 5208B5B42293AAA100281D11 /* LaunchScreen.storyboard */; };
		5208B5BE2293ABB300281D11 /* cachorro.png in Resources */ = {isa = PBXBuildFile; fileRef = 5208B5BD2293ABB300281D11 /* cachorro.png */; };
/* End PBXBuildFile section */

/* Begin PBXFileReference section */
		5208B5A82293AA9F00281D11 /* IdadeCachorro.app */ = {isa = PBXFileReference; explicitFileType = wrapper.application; includeInIndex = 0; path = IdadeCachorro.app; sourceTree = BUILT_PRODUCTS_DIR; };
		5208B5AB2293AA9F00281D11 /* AppDelegate.swift */ = {isa = PBXFileReference; lastKnownFileType = sourcecode.swift; path = AppDelegate.swift; sourceTree = "<group>"; };
		5208B5AD2293AA9F00281D11 /* ViewController.swift */ = {isa = PBXFileReference; lastKnownFileType = sourcecode.swift; path = ViewController.swift; sourceTree = "<group>"; };
		5208B5B02293AA9F00281D11 /* Base */ = {isa = PBXFileReference; lastKnownFileType = file.storyboard; name = Base; path = Base.lproj/Main.storyboard; sourceTree = "<group>"; };
		5208B5B22293AAA100281D11 /* Assets.xcassets */ = {isa = PBXFileReference; lastKnownFileType = folder.assetcatalog; path = Assets.xcassets; sourceTree = "<group>"; };
		5208B5B52293AAA100281D11 /* Base */ = {isa = PBXFileReference; lastKnownFileType = file.storyboard; name = Base; path = Base.lproj/LaunchScreen.storyboard; sourceTree = "<group>"; };
		5208B5B72293AAA100281D11 /* Info.plist */ = {isa = PBXFileReference; lastKnownFileType = text.plist.xml; path = Info.plist; sourceTree = "<group>"; };
		5208B5BD2293ABB300281D11 /* cachorro.png */ = {isa = PBXFileReference; lastKnownFileType = image.png; path = cachorro.png; sourceTree = "<group>"; };
/* End PBXFileReference section */

/* Begin PBXFrameworksBuildPhase section */
		5208B5A52293AA9F00281D11 /* Frameworks */ = {
			isa = PBXFrameworksBuildPhase;
			buildActionMask = 2147483647;
			files = (
			);
			runOnlyForDeploymentPostprocessing = 0;
		};
/* End PBXFrameworksBuildPhase section */

/* Begin PBXGroup section */
		5208B59F2293AA9F00281D11 = {
			isa = PBXGroup;
			children = (
				5208B5AA2293AA9F00281D11 /* IdadeCachorro */,
				5208B5A92293AA9F00281D11 /* Products */,
			);
			sourceTree = "<group>";
		};
		5208B5A92293AA9F00281D11 /* Products */ = {
			isa = PBXGroup;
			children = (
				5208B5A82293AA9F00281D11 /* IdadeCachorro.app */,
			);
			name = Products;
			sourceTree = "<group>";
		};
		5208B5AA2293AA9F00281D11 /* IdadeCachorro */ = {
			isa = PBXGroup;
			children = (
				5208B5BD2293ABB300281D11 /* cachorro.png */,
				5208B5AB2293AA9F00281D11 /* AppDelegate.swift */,
				5208B5AD2293AA9F00281D11 /* ViewController.swift */,
				5208B5AF2293AA9F00281D11 /* Main.storyboard */,
				5208B5B22293AAA100281D11 /* Assets.xcassets */,
				5208B5B42293AAA100281D11 /* LaunchScreen.storyboard */,
				5208B5B72293AAA100281D11 /* Info.plist */,
			);
			path = IdadeCachorro;
			sourceTree = "<group>";
		};
/* End PBXGroup section */

/* Begin PBXNativeTarget section */
		5208B5A72293AA9F00281D11 /* IdadeCachorro */ = {
			isa = PBXNativeTarget;
			buildConfigurationList = 5208B5BA2293AAA100281D11 /* Build configuration list for PBXNativeTarget "IdadeCachorro" */;
			buildPhases = (
				5208B5A42293AA9F00281D11 /* Sources */,
				5208B5A52293AA9F00281D11 /* Frameworks */,
				5208B5A62293AA9F00281D11 /* Resources */,
			);
			buildRules = (
			);
			dependencies = (
			);
			name = IdadeCachorro;
			productName = IdadeCachorro;
			productReference = 5208B5A82293AA9F00281D11 /* IdadeCachorro.app */;
			productType = "com.apple.product-type.application";
		};
/* End PBXNativeTarget section */

/* Begin PBXProject section */
		5208B5A02293AA9F00281D11 /* Project object */ = {
			isa = PBXProject;
			attributes = {
				LastSwiftUpdateCheck = 1020;
				LastUpgradeCheck = 1020;
				ORGANIZATIONNAME = Arcanjo;
				TargetAttributes = {
					5208B5A72293AA9F00281D11 = {
						CreatedOnToolsVersion = 10.2.1;
					};
				};
			};
			buildConfigurationList = 5208B5A32293AA9F00281D11 /* Build configuration list for PBXProject "IdadeCachorro" */;
			compatibilityVersion = "Xcode 9.3";
			developmentRegion = en;
			hasScannedForEncodings = 0;
			knownRegions = (
				en,
				Base,
			);
			mainGroup = 5208B59F2293AA9F00281D11;
			productRefGroup = 5208B5A92293AA9F00281D11 /* Products */;
			projectDirPath = "";
			projectRoot = "";
			targets = (
				5208B5A72293AA9F00281D11 /* IdadeCachorro */,
			);
		};
/* End PBXProject section */

/* Begin PBXResourcesBuildPhase section */
		5208B5A62293AA9F00281D11 /* Resources */ = {
			isa = PBXResourcesBuildPhase;
			buildActionMask = 2147483647;
			files = (
				5208B5BE2293ABB300281D11 /* cachorro.png in Resources */,
				5208B5B62293AAA100281D11 /* LaunchScreen.storyboard in Resources */,
				5208B5B32293AAA100281D11 /* Assets.xcassets in Resources */,
				5208B5B12293AA9F00281D11 /* Main.storyboard in Resources */,
			);
			runOnlyForDeploymentPostprocessing = 0;
		};
/* End PBXResourcesBuildPhase section */

/* Begin PBXSourcesBuildPhase section */
		5208B5A42293AA9F00281D11 /* Sources */ = {
			isa = PBXSourcesBuildPhase;
			buildActionMask = 2147483647;
			files = (
				5208B5AE2293AA9F00281D11 /* ViewController.swift in Sources */,
				5208B5AC2293AA9F00281D11 /* AppDelegate.swift in Sources */,
			);
			runOnlyForDeploymentPostprocessing = 0;
		};
/* End PBXSourcesBuildPhase section */

/* Begin PBXVariantGroup section */
		5208B5AF2293AA9F00281D11 /* Main.storyboard */ = {
			isa = PBXVariantGroup;
			children = (
				5208B5B02293AA9F00281D11 /* Base */,
			);
			name = Main.storyboard;
			sourceTree = "<group>";
		};
		5208B5B42293AAA100281D11 /* LaunchScreen.storyboard */ = {
			isa = PBXVariantGroup;
			children = (
				5208B5B52293AAA100281D11 /* Base */,
			);
			name = LaunchScreen.storyboard;
			sourceTree = "<group>";
		};
/* End PBXVariantGroup section */

/* Begin XCBuildConfiguration section */
		5208B5B82293AAA100281D11 /* Debug */ = {
			isa = XCBuildConfiguration;
			buildSettings = {
				ALWAYS_SEARCH_USER_PATHS = NO;
				CLANG_ANALYZER_NONNULL = YES;
				CLANG_ANALYZER_NUMBER_OBJECT_CONVERSION = YES_AGGRESSIVE;
				CLANG_CXX_LANGUAGE_STANDARD = "gnu++14";
				CLANG_CXX_LIBRARY = "libc++";
				CLANG_ENABLE_MODULES = YES;
				CLANG_ENABLE_OBJC_ARC = YES;
				CLANG_ENABLE_OBJC_WEAK = YES;
				CLANG_WARN_BLOCK_CAPTURE_AUTORELEASING = YES;
				CLANG_WARN_BOOL_CONVERSION = YES;
				CLANG_WARN_COMMA = YES;
				CLANG_WARN_CONSTANT_CONVERSION = YES;
				CLANG_WARN_DEPRECATED_OBJC_IMPLEMENTATIONS = YES;
				CLANG_WARN_DIRECT_OBJC_ISA_USAGE = YES_ERROR;
				CLANG_WARN_DOCUMENTATION_COMMENTS = YES;
				CLANG_WARN_EMPTY_BODY = YES;
				CLANG_WARN_ENUM_CONVERSION = YES;
				CLANG_WARN_INFINITE_RECURSION = YES;
				CLANG_WARN_INT_CONVERSION = YES;
				CLANG_WARN_NON_LITERAL_NULL_CONVERSION = YES;
				CLANG_WARN_OBJC_IMPLICIT_RETAIN_SELF = YES;
				CLANG_WARN_OBJC_LITERAL_CONVERSION = YES;
				CLANG_WARN_OBJC_ROOT_CLASS = YES_ERROR;
				CLANG_WARN_RANGE_LOOP_ANALYSIS = YES;
				CLANG_WARN_STRICT_PROTOTYPES = YES;
				CLANG_WARN_SUSPICIOUS_MOVE = YES;
				CLANG_WARN_UNGUARDED_AVAILABILITY = YES_AGGRESSIVE;
				CLANG_WARN_UNREACHABLE_CODE = YES;
				CLANG_WARN__DUPLICATE_METHOD_MATCH = YES;
				CODE_SIGN_IDENTITY = "iPhone Developer";
				COPY_PHASE_STRIP = NO;
				DEBUG_INFORMATION_FORMAT = dwarf;
				ENABLE_STRICT_OBJC_MSGSEND = YES;
				ENABLE_TESTABILITY = YES;
				GCC_C_LANGUAGE_STANDARD = gnu11;
				GCC_DYNAMIC_NO_PIC = NO;
				GCC_NO_COMMON_BLOCKS = YES;
				GCC_OPTIMIZATION_LEVEL = 0;
				GCC_PREPROCESSOR_DEFINITIONS = (
					"DEBUG=1",
					"$(inherited)",
				);
				GCC_WARN_64_TO_32_BIT_CONVERSION = YES;
				GCC_WARN_ABOUT_RETURN_TYPE = YES_ERROR;
				GCC_WARN_UNDECLARED_SELECTOR = YES;
				GCC_WARN_UNINITIALIZED_AUTOS = YES_AGGRESSIVE;
				GCC_WARN_UNUSED_FUNCTION = YES;
				GCC_WARN_UNUSED_VARIABLE = YES;
				IPHONEOS_DEPLOYMENT_TARGET = 12.2;
				MTL_ENABLE_DEBUG_INFO = INCLUDE_SOURCE;
				MTL_FAST_MATH = YES;
				ONLY_ACTIVE_ARCH = YES;
				SDKROOT = iphoneos;
				SWIFT_ACTIVE_COMPILATION_CONDITIONS = DEBUG;
				SWIFT_OPTIMIZATION_LEVEL = "-Onone";
			};
			name = Debug;
		};
		5208B5B92293AAA100281D11 /* Release */ = {
			isa = XCBuildConfiguration;
			buildSettings = {
				ALWAYS_SEARCH_USER_PATHS = NO;
				CLANG_ANALYZER_NONNULL = YES;
				CLANG_ANALYZER_NUMBER_OBJECT_CONVERSION = YES_AGGRESSIVE;
				CLANG_CXX_LANGUAGE_STANDARD = "gnu++14";
				CLANG_CXX_LIBRARY = "libc++";
				CLANG_ENABLE_MODULES = YES;
				CLANG_ENABLE_OBJC_ARC = YES;
				CLANG_ENABLE_OBJC_WEAK = YES;
				CLANG_WARN_BLOCK_CAPTURE_AUTORELEASING = YES;
				CLANG_WARN_BOOL_CONVERSION = YES;
				CLANG_WARN_COMMA = YES;
				CLANG_WARN_CONSTANT_CONVERSION = YES;
				CLANG_WARN_DEPRECATED_OBJC_IMPLEMENTATIONS = YES;
				CLANG_WARN_DIRECT_OBJC_ISA_USAGE = YES_ERROR;
				CLANG_WARN_DOCUMENTATION_COMMENTS = YES;
				CLANG_WARN_EMPTY_BODY = YES;
				CLANG_WARN_ENUM_CONVERSION = YES;
				CLANG_WARN_INFINITE_RECURSION = YES;
				CLANG_WARN_INT_CONVERSION = YES;
				CLANG_WARN_NON_LITERAL_NULL_CONVERSION = YES;
				CLANG_WARN_OBJC_IMPLICIT_RETAIN_SELF = YES;
				CLANG_WARN_OBJC_LITERAL_CONVERSION = YES;
				CLANG_WARN_OBJC_ROOT_CLASS = YES_ERROR;
				CLANG_WARN_RANGE_LOOP_ANALYSIS = YES;
				CLANG_WARN_STRICT_PROTOTYPES = YES;
				CLANG_WARN_SUSPICIOUS_MOVE = YES;
				CLANG_WARN_UNGUARDED_AVAILABILITY = YES_AGGRESSIVE;
				CLANG_WARN_UNREACHABLE_CODE = YES;
				CLANG_WARN__DUPLICATE_METHOD_MATCH = YES;
				CODE_SIGN_IDENTITY = "iPhone Developer";
				COPY_PHASE_STRIP = NO;
				DEBUG_INFORMATION_FORMAT = "dwarf-with-dsym";
				ENABLE_NS_ASSERTIONS = NO;
				ENABLE_STRICT_OBJC_MSGSEND = YES;
				GCC_C_LANGUAGE_STANDARD = gnu11;
				GCC_NO_COMMON_BLOCKS = YES;
				GCC_WARN_64_TO_32_BIT_CONVERSION = YES;
				GCC_WARN_ABOUT_RETURN_TYPE = YES_ERROR;
				GCC_WARN_UNDECLARED_SELECTOR = YES;
				GCC_WARN_UNINITIALIZED_AUTOS = YES_AGGRESSIVE;
				GCC_WARN_UNUSED_FUNCTION = YES;
				GCC_WARN_UNUSED_VARIABLE = YES;
				IPHONEOS_DEPLOYMENT_TARGET = 12.2;
				MTL_ENABLE_DEBUG_INFO = NO;
				MTL_FAST_MATH = YES;
				SDKROOT = iphoneos;
				SWIFT_COMPILATION_MODE = wholemodule;
				SWIFT_OPTIMIZATION_LEVEL = "-O";
				VALIDATE_PRODUCT = YES;
			};
			name = Release;
		};
		5208B5BB2293AAA100281D11 /* Debug */ = {
			isa = XCBuildConfiguration;
			buildSettings = {
				ASSETCATALOG_COMPILER_APPICON_NAME = AppIcon;
				CODE_SIGN_STYLE = Automatic;
				DEVELOPMENT_TEAM = 2H88397SAG;
				INFOPLIST_FILE = IdadeCachorro/Info.plist;
				LD_RUNPATH_SEARCH_PATHS = (
					"$(inherited)",
					"@executable_path/Frameworks",
				);
				PRODUCT_BUNDLE_IDENTIFIER = com.arcanjo.IdadeCachorro;
				PRODUCT_NAME = "$(TARGET_NAME)";
				SWIFT_VERSION = 5.0;
				TARGETED_DEVICE_FAMILY = "1,2";
			};
			name = Debug;
		};
		5208B5BC2293AAA100281D11 /* Release */ = {
			isa = XCBuildConfiguration;
			buildSettings = {
				ASSETCATALOG_COMPILER_APPICON_NAME = AppIcon;
				CODE_SIGN_STYLE = Automatic;
				DEVELOPMENT_TEAM = 2H88397SAG;
				INFOPLIST_FILE = IdadeCachorro/Info.plist;
				LD_RUNPATH_SEARCH_PATHS = (
					"$(inherited)",
					"@executable_path/Frameworks",
				);
				PRODUCT_BUNDLE_IDENTIFIER = com.arcanjo.IdadeCachorro;
				PRODUCT_NAME = "$(TARGET_NAME)";
				SWIFT_VERSION = 5.0;
				TARGETED_DEVICE_FAMILY = "1,2";
			};
			name = Release;
		};
/* End XCBuildConfiguration section */

/* Begin XCConfigurationList section */
		5208B5A32293AA9F00281D11 /* Build configuration list for PBXProject "IdadeCachorro" */ = {
			isa = XCConfigurationList;
			buildConfigurations = (
				5208B5B82293AAA100281D11 /* Debug */,
				5208B5B92293AAA100281D11 /* Release */,
			);
			defaultConfigurationIsVisible = 0;
			defaultConfigurationName = Release;
		};
		5208B5BA2293AAA100281D11 /* Build configuration list for PBXNativeTarget "IdadeCachorro" */ = {
			isa = XCConfigurationList;
			buildConfigurations = (
				5208B5BB2293AAA100281D11 /* Debug */,
				5208B5BC2293AAA100281D11 /* Release */,
			);
			defaultConfigurationIsVisible = 0;
			defaultConfigurationName = Release;
		};
/* End XCConfigurationList section */
	};
	rootObject = 5208B5A02293AA9F00281D11 /* Project object */;
}
